
Microsoft Visual Studio Solution File, Format Version 12.00
# Visual Studio 15
VisualStudioVersion = 15.0.27428.1
MinimumVisualStudioVersion = 10.0.40219.1
Project("{FAE04EC0-301F-11D3-BF4B-00C04F79EFBC}") = "ESP8266TEST", "ESP8266TEST\ESP8266TEST.csproj", "{3D48D4B5-B98B-41EF-9625-7A7CFE2DF01F}"
EndProject
Global
	GlobalSection(SolutionConfigurationPlatforms) = preSolution
		Debug|Any CPU = Debug|Any CPU
		Release|Any CPU = Release|Any CPU
	EndGlobalSection
	GlobalSection(ProjectConfigurationPlatforms) = postSolution
		{3D48D4B5-B98B-41EF-9625-7A7CFE2DF01F}.Debug|Any CPU.ActiveCfg = Debug|Any CPU
		{3D48D4B5-B98B-41EF-9625-7A7CFE2DF01F}.Debug|Any CPU.Build.0 = Debug|Any CPU
		{3D48D4B5-B98B-41EF-9625-7A7CFE2DF01F}.Release|Any CPU.ActiveCfg = Release|Any CPU
		{3D48D4B5-B98B-41EF-9625-7A7CFE2DF01F}.Release|Any CPU.Build.0 = Release|Any CPU
	EndGlobalSection
	GlobalSection(SolutionProperties) = preSolution
		HideSolutionNode = FALSE
	EndGlobalSection
	GlobalSection(ExtensibilityGlobals) = postSolution
		SolutionGuid = {C5197674-72FA-4094-87B6-3E8B562A5EBB}
	EndGlobalSection
EndGlobal
